// !$*UTF8*$!
{
	archiveVersion = 1;
	classes = {
	};
	objectVersion = 50;
	objects = {

/* Begin PBXBuildFile section */
		3D058D0A26B91BFE00F3063B /* _15_三数之和.swift in Sources */ = {isa = PBXBuildFile; fileRef = 3D058D0926B91BFE00F3063B /* _15_三数之和.swift */; };
		3D058D0E26B9367500F3063B /* _98_验证二叉搜索树.swift in Sources */ = {isa = PBXBuildFile; fileRef = 3D058D0D26B9367400F3063B /* _98_验证二叉搜索树.swift */; };
		3D058D1226B9640E00F3063B /* _235_二叉搜索树的最近公共祖先.swift in Sources */ = {isa = PBXBuildFile; fileRef = 3D058D1126B9640E00F3063B /* _235_二叉搜索树的最近公共祖先.swift */; };
		3D058D1626B9646D00F3063B /* _236_二叉树的最近公共祖先.swift in Sources */ = {isa = PBXBuildFile; fileRef = 3D058D1526B9646D00F3063B /* _236_二叉树的最近公共祖先.swift */; };
		3D058D1926BA5C0400F3063B /* _102_二叉树的层序遍历.swift in Sources */ = {isa = PBXBuildFile; fileRef = 3D058D1826BA5C0400F3063B /* _102_二叉树的层序遍历.swift */; };
		3D058D1C26BA613A00F3063B /* _111_二叉树的最小深度.swift in Sources */ = {isa = PBXBuildFile; fileRef = 3D058D1B26BA613A00F3063B /* _111_二叉树的最小深度.swift */; };
		3D058D2026BA65FE00F3063B /* _22_括号生成.swift in Sources */ = {isa = PBXBuildFile; fileRef = 3D058D1F26BA65FE00F3063B /* _22_括号生成.swift */; };
		3D058D2626BA9AD100F3063B /* _69_x的平方根.swift in Sources */ = {isa = PBXBuildFile; fileRef = 3D058D2526BA9AD100F3063B /* _69_x的平方根.swift */; };
		3D058D2B26BABE9700F3063B /* Trie.swift in Sources */ = {isa = PBXBuildFile; fileRef = 3D058D2A26BABE9700F3063B /* Trie.swift */; };
		3D058D3026BB8E6E00F3063B /* _70_爬楼梯_动态规划.swift in Sources */ = {isa = PBXBuildFile; fileRef = 3D058D2F26BB8E6E00F3063B /* _70_爬楼梯_动态规划.swift */; };
		3D058D3326BBB07300F3063B /* _120_三角形最小路径和.swift in Sources */ = {isa = PBXBuildFile; fileRef = 3D058D3226BBB07300F3063B /* _120_三角形最小路径和.swift */; };
		3D058D3626BBD29400F3063B /* _152_乘积最大子数组.swift in Sources */ = {isa = PBXBuildFile; fileRef = 3D058D3526BBD29400F3063B /* _152_乘积最大子数组.swift */; };
		3D058D3926BBE74500F3063B /* _121_买卖股票的最佳时机.swift in Sources */ = {isa = PBXBuildFile; fileRef = 3D058D3826BBE74500F3063B /* _121_买卖股票的最佳时机.swift */; };
		3D058D3C26BBEC5600F3063B /* _122_买卖股票的最佳时机II.swift in Sources */ = {isa = PBXBuildFile; fileRef = 3D058D3B26BBEC5600F3063B /* _122_买卖股票的最佳时机II.swift */; };
		3D058D3F26BBEE1C00F3063B /* _123_买卖股票的最佳时机III.swift in Sources */ = {isa = PBXBuildFile; fileRef = 3D058D3E26BBEE1C00F3063B /* _123_买卖股票的最佳时机III.swift */; };
		3D058D4226C0CDCB00F3063B /* _313_超级丑数.swift in Sources */ = {isa = PBXBuildFile; fileRef = 3D058D4126C0CDCA00F3063B /* _313_超级丑数.swift */; };
		3D33E3B92685C8C500A1B239 /* RBTree.swift in Sources */ = {isa = PBXBuildFile; fileRef = 3D33E3B82685C8C500A1B239 /* RBTree.swift */; };
		3D33E3BC2685CA4C00A1B239 /* BBST.swift in Sources */ = {isa = PBXBuildFile; fileRef = 3D33E3BB2685CA4C00A1B239 /* BBST.swift */; };
		3D609D7F269BE916006915E1 /* BubbleSort01.swift in Sources */ = {isa = PBXBuildFile; fileRef = 3D609D7E269BE916006915E1 /* BubbleSort01.swift */; };
		3D609D83269BE953006915E1 /* BaseSort.swift in Sources */ = {isa = PBXBuildFile; fileRef = 3D609D82269BE953006915E1 /* BaseSort.swift */; };
		3D609D8A269BF6CC006915E1 /* BubbleSort02.swift in Sources */ = {isa = PBXBuildFile; fileRef = 3D609D89269BF6CC006915E1 /* BubbleSort02.swift */; };
		3D609D90269C0D20006915E1 /* HeapSort.swift in Sources */ = {isa = PBXBuildFile; fileRef = 3D609D8F269C0D20006915E1 /* HeapSort.swift */; };
		3D609D93269C0D37006915E1 /* InsertionSort01.swift in Sources */ = {isa = PBXBuildFile; fileRef = 3D609D92269C0D37006915E1 /* InsertionSort01.swift */; };
		3D609D96269C0D43006915E1 /* SelectSort01.swift in Sources */ = {isa = PBXBuildFile; fileRef = 3D609D95269C0D43006915E1 /* SelectSort01.swift */; };
		3D609DA0269C0D71006915E1 /* MergeSort.swift in Sources */ = {isa = PBXBuildFile; fileRef = 3D609D9F269C0D71006915E1 /* MergeSort.swift */; };
		3D609DA3269C0D80006915E1 /* QuickSort.swift in Sources */ = {isa = PBXBuildFile; fileRef = 3D609DA2269C0D80006915E1 /* QuickSort.swift */; };
		3D609DA6269C0DF0006915E1 /* ShellSort.swift in Sources */ = {isa = PBXBuildFile; fileRef = 3D609DA5269C0DF0006915E1 /* ShellSort.swift */; };
		3D68582C265B89E2006AA90D /* main.swift in Sources */ = {isa = PBXBuildFile; fileRef = 3D68582B265B89E2006AA90D /* main.swift */; };
		3D756628265E27D70075CEA4 /* LinkedList.swift in Sources */ = {isa = PBXBuildFile; fileRef = 3D756627265E27D70075CEA4 /* LinkedList.swift */; };
		3D840CAC26A0429000AA49AF /* CountingSort.swift in Sources */ = {isa = PBXBuildFile; fileRef = 3D840CAB26A0429000AA49AF /* CountingSort.swift */; };
		3D840CAF26A0601600AA49AF /* RadixStor.swift in Sources */ = {isa = PBXBuildFile; fileRef = 3D840CAE26A0601600AA49AF /* RadixStor.swift */; };
		3D840CB226A0672200AA49AF /* BucketSort.swift in Sources */ = {isa = PBXBuildFile; fileRef = 3D840CB126A0672200AA49AF /* BucketSort.swift */; };
		3D840D1426A6A8F600AA49AF /* 爬楼梯_递归.swift in Sources */ = {isa = PBXBuildFile; fileRef = 3D840D1326A6A8F600AA49AF /* 爬楼梯_递归.swift */; };
		3D840D1926A6AE7800AA49AF /* 汉诺塔.swift in Sources */ = {isa = PBXBuildFile; fileRef = 3D840D1826A6AE7800AA49AF /* 汉诺塔.swift */; };
		3D840D1E26A6FDE600AA49AF /* _51_N皇后.swift in Sources */ = {isa = PBXBuildFile; fileRef = 3D840D1D26A6FDE600AA49AF /* _51_N皇后.swift */; };
		3D8A4C14268F3B26007FAE81 /* _17_电话号码的字母组合.swift in Sources */ = {isa = PBXBuildFile; fileRef = 3D8A4C13268F3B26007FAE81 /* _17_电话号码的字母组合.swift */; };
		3D8A4C18268F4302007FAE81 /* _3_无重复字符的最长子串.swift in Sources */ = {isa = PBXBuildFile; fileRef = 3D8A4C17268F4302007FAE81 /* _3_无重复字符的最长子串.swift */; };
		3D8A4C3E2691B563007FAE81 /* TopK.swift in Sources */ = {isa = PBXBuildFile; fileRef = 3D8A4C3D2691B562007FAE81 /* TopK.swift */; };
		3D8A4C412692AA31007FAE81 /* 二叉树遍历.swift in Sources */ = {isa = PBXBuildFile; fileRef = 3D8A4C402692AA30007FAE81 /* 二叉树遍历.swift */; };
		3D8A4C452692AB77007FAE81 /* Heap.swift in Sources */ = {isa = PBXBuildFile; fileRef = 3D8A4C442692AB77007FAE81 /* Heap.swift */; };
		3D8A4C4A2692ABB0007FAE81 /* Queue.swift in Sources */ = {isa = PBXBuildFile; fileRef = 3D8A4C492692ABB0007FAE81 /* Queue.swift */; };
		3D8A4C4E2692ABBE007FAE81 /* Stack.swift in Sources */ = {isa = PBXBuildFile; fileRef = 3D8A4C4D2692ABBE007FAE81 /* Stack.swift */; };
		3D8FEE6726AC05EB00D7E46B /* 最大连续子序列.swift in Sources */ = {isa = PBXBuildFile; fileRef = 3D8FEE6626AC05EB00D7E46B /* 最大连续子序列.swift */; };
		3D8FEE6E26AED06000D7E46B /* 最长公共子序列.swift in Sources */ = {isa = PBXBuildFile; fileRef = 3D8FEE6D26AED05F00D7E46B /* 最长公共子序列.swift */; };
		3D8FEE7126AFBB6000D7E46B /* 背包问题_价值最高.swift in Sources */ = {isa = PBXBuildFile; fileRef = 3D8FEE7026AFBB6000D7E46B /* 背包问题_价值最高.swift */; };
		3D8FEE7926B00B5800D7E46B /* 背包问题_恰好装满.swift in Sources */ = {isa = PBXBuildFile; fileRef = 3D8FEE7826B00B5800D7E46B /* 背包问题_恰好装满.swift */; };
		3D8FEE7C26B1106F00D7E46B /* _518_零钱兑换2.swift in Sources */ = {isa = PBXBuildFile; fileRef = 3D8FEE7B26B1106F00D7E46B /* _518_零钱兑换2.swift */; };
		3D8FEE8026B12C9300D7E46B /* 剑指Offer24_反转链表.swift in Sources */ = {isa = PBXBuildFile; fileRef = 3D8FEE7F26B12C9300D7E46B /* 剑指Offer24_反转链表.swift */; };
		3DBCD307265B8BD00095E2DD /* _1_两数之和.swift in Sources */ = {isa = PBXBuildFile; fileRef = 3DBCD306265B8BD00095E2DD /* _1_两数之和.swift */; };
		3DD187A4265B8CCA00E39177 /* 斐波那契数.swift in Sources */ = {isa = PBXBuildFile; fileRef = 3DD187A3265B8CCA00E39177 /* 斐波那契数.swift */; };
/* End PBXBuildFile section */

/* Begin PBXCopyFilesBuildPhase section */
		3D685826265B89E2006AA90D /* CopyFiles */ = {
			isa = PBXCopyFilesBuildPhase;
			buildActionMask = 2147483647;
			dstPath = /usr/share/man/man1/;
			dstSubfolderSpec = 0;
			files = (
			);
			runOnlyForDeploymentPostprocessing = 1;
		};
/* End PBXCopyFilesBuildPhase section */

/* Begin PBXFileReference section */
		3D058D0926B91BFE00F3063B /* _15_三数之和.swift */ = {isa = PBXFileReference; lastKnownFileType = sourcecode.swift; path = "_15_三数之和.swift"; sourceTree = "<group>"; };
		3D058D0D26B9367400F3063B /* _98_验证二叉搜索树.swift */ = {isa = PBXFileReference; lastKnownFileType = sourcecode.swift; path = "_98_验证二叉搜索树.swift"; sourceTree = "<group>"; };
		3D058D1126B9640E00F3063B /* _235_二叉搜索树的最近公共祖先.swift */ = {isa = PBXFileReference; lastKnownFileType = sourcecode.swift; path = "_235_二叉搜索树的最近公共祖先.swift"; sourceTree = "<group>"; };
		3D058D1526B9646D00F3063B /* _236_二叉树的最近公共祖先.swift */ = {isa = PBXFileReference; lastKnownFileType = sourcecode.swift; path = "_236_二叉树的最近公共祖先.swift"; sourceTree = "<group>"; };
		3D058D1826BA5C0400F3063B /* _102_二叉树的层序遍历.swift */ = {isa = PBXFileReference; lastKnownFileType = sourcecode.swift; path = "_102_二叉树的层序遍历.swift"; sourceTree = "<group>"; };
		3D058D1B26BA613A00F3063B /* _111_二叉树的最小深度.swift */ = {isa = PBXFileReference; lastKnownFileType = sourcecode.swift; path = "_111_二叉树的最小深度.swift"; sourceTree = "<group>"; };
		3D058D1F26BA65FE00F3063B /* _22_括号生成.swift */ = {isa = PBXFileReference; lastKnownFileType = sourcecode.swift; path = "_22_括号生成.swift"; sourceTree = "<group>"; };
		3D058D2526BA9AD100F3063B /* _69_x的平方根.swift */ = {isa = PBXFileReference; lastKnownFileType = sourcecode.swift; path = "_69_x的平方根.swift"; sourceTree = "<group>"; };
		3D058D2A26BABE9700F3063B /* Trie.swift */ = {isa = PBXFileReference; lastKnownFileType = sourcecode.swift; path = Trie.swift; sourceTree = "<group>"; };
		3D058D2F26BB8E6E00F3063B /* _70_爬楼梯_动态规划.swift */ = {isa = PBXFileReference; lastKnownFileType = sourcecode.swift; path = "_70_爬楼梯_动态规划.swift"; sourceTree = "<group>"; };
		3D058D3226BBB07300F3063B /* _120_三角形最小路径和.swift */ = {isa = PBXFileReference; lastKnownFileType = sourcecode.swift; path = "_120_三角形最小路径和.swift"; sourceTree = "<group>"; };
		3D058D3526BBD29400F3063B /* _152_乘积最大子数组.swift */ = {isa = PBXFileReference; lastKnownFileType = sourcecode.swift; path = "_152_乘积最大子数组.swift"; sourceTree = "<group>"; };
		3D058D3826BBE74500F3063B /* _121_买卖股票的最佳时机.swift */ = {isa = PBXFileReference; lastKnownFileType = sourcecode.swift; path = "_121_买卖股票的最佳时机.swift"; sourceTree = "<group>"; };
		3D058D3B26BBEC5600F3063B /* _122_买卖股票的最佳时机II.swift */ = {isa = PBXFileReference; lastKnownFileType = sourcecode.swift; path = "_122_买卖股票的最佳时机II.swift"; sourceTree = "<group>"; };
		3D058D3E26BBEE1C00F3063B /* _123_买卖股票的最佳时机III.swift */ = {isa = PBXFileReference; lastKnownFileType = sourcecode.swift; path = "_123_买卖股票的最佳时机III.swift"; sourceTree = "<group>"; };
		3D058D4126C0CDCA00F3063B /* _313_超级丑数.swift */ = {isa = PBXFileReference; lastKnownFileType = sourcecode.swift; path = "_313_超级丑数.swift"; sourceTree = "<group>"; };
		3D33E3B82685C8C500A1B239 /* RBTree.swift */ = {isa = PBXFileReference; lastKnownFileType = sourcecode.swift; path = RBTree.swift; sourceTree = "<group>"; };
		3D33E3BB2685CA4C00A1B239 /* BBST.swift */ = {isa = PBXFileReference; lastKnownFileType = sourcecode.swift; path = BBST.swift; sourceTree = "<group>"; };
		3D609D7E269BE916006915E1 /* BubbleSort01.swift */ = {isa = PBXFileReference; lastKnownFileType = sourcecode.swift; path = BubbleSort01.swift; sourceTree = "<group>"; };
		3D609D82269BE953006915E1 /* BaseSort.swift */ = {isa = PBXFileReference; lastKnownFileType = sourcecode.swift; path = BaseSort.swift; sourceTree = "<group>"; };
		3D609D89269BF6CC006915E1 /* BubbleSort02.swift */ = {isa = PBXFileReference; lastKnownFileType = sourcecode.swift; path = BubbleSort02.swift; sourceTree = "<group>"; };
		3D609D8F269C0D20006915E1 /* HeapSort.swift */ = {isa = PBXFileReference; lastKnownFileType = sourcecode.swift; path = HeapSort.swift; sourceTree = "<group>"; };
		3D609D92269C0D37006915E1 /* InsertionSort01.swift */ = {isa = PBXFileReference; lastKnownFileType = sourcecode.swift; path = InsertionSort01.swift; sourceTree = "<group>"; };
		3D609D95269C0D43006915E1 /* SelectSort01.swift */ = {isa = PBXFileReference; lastKnownFileType = sourcecode.swift; path = SelectSort01.swift; sourceTree = "<group>"; };
		3D609D9F269C0D71006915E1 /* MergeSort.swift */ = {isa = PBXFileReference; lastKnownFileType = sourcecode.swift; path = MergeSort.swift; sourceTree = "<group>"; };
		3D609DA2269C0D80006915E1 /* QuickSort.swift */ = {isa = PBXFileReference; lastKnownFileType = sourcecode.swift; path = QuickSort.swift; sourceTree = "<group>"; };
		3D609DA5269C0DF0006915E1 /* ShellSort.swift */ = {isa = PBXFileReference; lastKnownFileType = sourcecode.swift; path = ShellSort.swift; sourceTree = "<group>"; };
		3D685828265B89E2006AA90D /* 算法 */ = {isa = PBXFileReference; explicitFileType = "compiled.mach-o.executable"; includeInIndex = 0; path = "算法"; sourceTree = BUILT_PRODUCTS_DIR; };
		3D68582B265B89E2006AA90D /* main.swift */ = {isa = PBXFileReference; lastKnownFileType = sourcecode.swift; path = main.swift; sourceTree = "<group>"; };
		3D756627265E27D70075CEA4 /* LinkedList.swift */ = {isa = PBXFileReference; lastKnownFileType = sourcecode.swift; path = LinkedList.swift; sourceTree = "<group>"; };
		3D840CAB26A0429000AA49AF /* CountingSort.swift */ = {isa = PBXFileReference; lastKnownFileType = sourcecode.swift; path = CountingSort.swift; sourceTree = "<group>"; };
		3D840CAE26A0601600AA49AF /* RadixStor.swift */ = {isa = PBXFileReference; lastKnownFileType = sourcecode.swift; path = RadixStor.swift; sourceTree = "<group>"; };
		3D840CB126A0672200AA49AF /* BucketSort.swift */ = {isa = PBXFileReference; lastKnownFileType = sourcecode.swift; path = BucketSort.swift; sourceTree = "<group>"; };
		3D840D1326A6A8F600AA49AF /* 爬楼梯_递归.swift */ = {isa = PBXFileReference; lastKnownFileType = sourcecode.swift; path = "爬楼梯_递归.swift"; sourceTree = "<group>"; };
		3D840D1826A6AE7800AA49AF /* 汉诺塔.swift */ = {isa = PBXFileReference; lastKnownFileType = sourcecode.swift; path = "汉诺塔.swift"; sourceTree = "<group>"; };
		3D840D1D26A6FDE600AA49AF /* _51_N皇后.swift */ = {isa = PBXFileReference; lastKnownFileType = sourcecode.swift; path = "_51_N皇后.swift"; sourceTree = "<group>"; };
		3D8A4C13268F3B26007FAE81 /* _17_电话号码的字母组合.swift */ = {isa = PBXFileReference; lastKnownFileType = sourcecode.swift; path = "_17_电话号码的字母组合.swift"; sourceTree = "<group>"; };
		3D8A4C17268F4302007FAE81 /* _3_无重复字符的最长子串.swift */ = {isa = PBXFileReference; lastKnownFileType = sourcecode.swift; path = "_3_无重复字符的最长子串.swift"; sourceTree = "<group>"; };
		3D8A4C3D2691B562007FAE81 /* TopK.swift */ = {isa = PBXFileReference; lastKnownFileType = sourcecode.swift; path = TopK.swift; sourceTree = "<group>"; };
		3D8A4C402692AA30007FAE81 /* 二叉树遍历.swift */ = {isa = PBXFileReference; lastKnownFileType = sourcecode.swift; path = "二叉树遍历.swift"; sourceTree = "<group>"; };
		3D8A4C442692AB77007FAE81 /* Heap.swift */ = {isa = PBXFileReference; lastKnownFileType = sourcecode.swift; path = Heap.swift; sourceTree = "<group>"; };
		3D8A4C492692ABB0007FAE81 /* Queue.swift */ = {isa = PBXFileReference; lastKnownFileType = sourcecode.swift; path = Queue.swift; sourceTree = "<group>"; };
		3D8A4C4D2692ABBE007FAE81 /* Stack.swift */ = {isa = PBXFileReference; lastKnownFileType = sourcecode.swift; path = Stack.swift; sourceTree = "<group>"; };
		3D8FEE6626AC05EB00D7E46B /* 最大连续子序列.swift */ = {isa = PBXFileReference; lastKnownFileType = sourcecode.swift; path = "最大连续子序列.swift"; sourceTree = "<group>"; };
		3D8FEE6D26AED05F00D7E46B /* 最长公共子序列.swift */ = {isa = PBXFileReference; lastKnownFileType = sourcecode.swift; path = "最长公共子序列.swift"; sourceTree = "<group>"; };
		3D8FEE7026AFBB6000D7E46B /* 背包问题_价值最高.swift */ = {isa = PBXFileReference; lastKnownFileType = sourcecode.swift; path = "背包问题_价值最高.swift"; sourceTree = "<group>"; };
		3D8FEE7826B00B5800D7E46B /* 背包问题_恰好装满.swift */ = {isa = PBXFileReference; lastKnownFileType = sourcecode.swift; path = "背包问题_恰好装满.swift"; sourceTree = "<group>"; };
		3D8FEE7B26B1106F00D7E46B /* _518_零钱兑换2.swift */ = {isa = PBXFileReference; lastKnownFileType = sourcecode.swift; path = "_518_零钱兑换2.swift"; sourceTree = "<group>"; };
		3D8FEE7F26B12C9300D7E46B /* 剑指Offer24_反转链表.swift */ = {isa = PBXFileReference; lastKnownFileType = sourcecode.swift; path = "剑指Offer24_反转链表.swift"; sourceTree = "<group>"; };
		3DBCD306265B8BD00095E2DD /* _1_两数之和.swift */ = {isa = PBXFileReference; lastKnownFileType = sourcecode.swift; path = "_1_两数之和.swift"; sourceTree = "<group>"; };
		3DD187A3265B8CCA00E39177 /* 斐波那契数.swift */ = {isa = PBXFileReference; lastKnownFileType = sourcecode.swift; path = "斐波那契数.swift"; sourceTree = "<group>"; };
/* End PBXFileReference section */

/* Begin PBXFrameworksBuildPhase section */
		3D685825265B89E2006AA90D /* Frameworks */ = {
			isa = PBXFrameworksBuildPhase;
			buildActionMask = 2147483647;
			files = (
			);
			runOnlyForDeploymentPostprocessing = 0;
		};
/* End PBXFrameworksBuildPhase section */

/* Begin PBXGroup section */
		3D058D2426BA9AB700F3063B /* 二分查找 */ = {
			isa = PBXGroup;
			children = (
				3D058D2526BA9AD100F3063B /* _69_x的平方根.swift */,
			);
			path = "二分查找";
			sourceTree = "<group>";
		};
		3D058D2926BABE7B00F3063B /* Trie(字典树) */ = {
			isa = PBXGroup;
			children = (
				3D058D2A26BABE9700F3063B /* Trie.swift */,
			);
			path = "Trie(字典树)";
			sourceTree = "<group>";
		};
		3D609D73269BE6CB006915E1 /* 十大排序算法 */ = {
			isa = PBXGroup;
			children = (
				3D609D82269BE953006915E1 /* BaseSort.swift */,
				3D609D7E269BE916006915E1 /* BubbleSort01.swift */,
				3D609D89269BF6CC006915E1 /* BubbleSort02.swift */,
				3D609D95269C0D43006915E1 /* SelectSort01.swift */,
				3D609D8F269C0D20006915E1 /* HeapSort.swift */,
				3D609D92269C0D37006915E1 /* InsertionSort01.swift */,
				3D609D9F269C0D71006915E1 /* MergeSort.swift */,
				3D609DA2269C0D80006915E1 /* QuickSort.swift */,
				3D609DA5269C0DF0006915E1 /* ShellSort.swift */,
				3D840CAB26A0429000AA49AF /* CountingSort.swift */,
				3D840CAE26A0601600AA49AF /* RadixStor.swift */,
				3D840CB126A0672200AA49AF /* BucketSort.swift */,
			);
			path = "十大排序算法";
			sourceTree = "<group>";
		};
		3D609D74269BE6EF006915E1 /* 二叉树 */ = {
			isa = PBXGroup;
			children = (
				3D8A4C402692AA30007FAE81 /* 二叉树遍历.swift */,
				3D058D0D26B9367400F3063B /* _98_验证二叉搜索树.swift */,
				3D058D1826BA5C0400F3063B /* _102_二叉树的层序遍历.swift */,
				3D058D1B26BA613A00F3063B /* _111_二叉树的最小深度.swift */,
				3D058D1126B9640E00F3063B /* _235_二叉搜索树的最近公共祖先.swift */,
				3D058D1526B9646D00F3063B /* _236_二叉树的最近公共祖先.swift */,
			);
			path = "二叉树";
			sourceTree = "<group>";
		};
		3D609D75269BE70A006915E1 /* 堆 */ = {
			isa = PBXGroup;
			children = (
				3D8A4C3D2691B562007FAE81 /* TopK.swift */,
			);
			path = "堆";
			sourceTree = "<group>";
		};
		3D609D76269BE70C006915E1 /* 链表 */ = {
			isa = PBXGroup;
			children = (
				3D8FEE7F26B12C9300D7E46B /* 剑指Offer24_反转链表.swift */,
			);
			path = "链表";
			sourceTree = "<group>";
		};
		3D609D77269BE70E006915E1 /* 数组 */ = {
			isa = PBXGroup;
			children = (
			);
			path = "数组";
			sourceTree = "<group>";
		};
		3D609D78269BE72B006915E1 /* 字符串 */ = {
			isa = PBXGroup;
			children = (
				3D058D1F26BA65FE00F3063B /* _22_括号生成.swift */,
			);
			path = "字符串";
			sourceTree = "<group>";
		};
		3D609D79269BE736006915E1 /* 哈希 */ = {
			isa = PBXGroup;
			children = (
				3DBCD306265B8BD00095E2DD /* _1_两数之和.swift */,
				3D8A4C17268F4302007FAE81 /* _3_无重复字符的最长子串.swift */,
				3D058D0926B91BFE00F3063B /* _15_三数之和.swift */,
				3D8A4C13268F3B26007FAE81 /* _17_电话号码的字母组合.swift */,
			);
			path = "哈希";
			sourceTree = "<group>";
		};
		3D609D7B269BE73D006915E1 /* 队列和栈 */ = {
			isa = PBXGroup;
			children = (
			);
			path = "队列和栈";
			sourceTree = "<group>";
		};
		3D68581F265B89E2006AA90D = {
			isa = PBXGroup;
			children = (
				3D68582B265B89E2006AA90D /* main.swift */,
				3D840D3126AA987000AA49AF /* 数据结构 */,
				3D68582A265B89E2006AA90D /* 算法 */,
				3D685829265B89E2006AA90D /* Products */,
			);
			sourceTree = "<group>";
		};
		3D685829265B89E2006AA90D /* Products */ = {
			isa = PBXGroup;
			children = (
				3D685828265B89E2006AA90D /* 算法 */,
			);
			name = Products;
			sourceTree = "<group>";
		};
		3D68582A265B89E2006AA90D /* 算法 */ = {
			isa = PBXGroup;
			children = (
				3D058D2426BA9AB700F3063B /* 二分查找 */,
				3D609D73269BE6CB006915E1 /* 十大排序算法 */,
				3D840D3526AA998400AA49AF /* 递归 */,
				3D840D3326AA990A00AA49AF /* 回溯 */,
				3D840D3026AA983400AA49AF /* 分治 */,
				3D840D2F26AA982B00AA49AF /* 贪心 */,
				3D840D1226A6A8E000AA49AF /* 动态规划 */,
			);
			path = "算法";
			sourceTree = "<group>";
		};
		3D840D1226A6A8E000AA49AF /* 动态规划 */ = {
			isa = PBXGroup;
			children = (
				3D8FEE6626AC05EB00D7E46B /* 最大连续子序列.swift */,
				3D8FEE6D26AED05F00D7E46B /* 最长公共子序列.swift */,
				3D8FEE7026AFBB6000D7E46B /* 背包问题_价值最高.swift */,
				3D8FEE7826B00B5800D7E46B /* 背包问题_恰好装满.swift */,
				3D8FEE7B26B1106F00D7E46B /* _518_零钱兑换2.swift */,
				3D058D2F26BB8E6E00F3063B /* _70_爬楼梯_动态规划.swift */,
				3D058D3226BBB07300F3063B /* _120_三角形最小路径和.swift */,
				3D058D3526BBD29400F3063B /* _152_乘积最大子数组.swift */,
				3D058D3826BBE74500F3063B /* _121_买卖股票的最佳时机.swift */,
				3D058D3B26BBEC5600F3063B /* _122_买卖股票的最佳时机II.swift */,
				3D058D3E26BBEE1C00F3063B /* _123_买卖股票的最佳时机III.swift */,
				3D058D4126C0CDCA00F3063B /* _313_超级丑数.swift */,
			);
			path = "动态规划";
			sourceTree = "<group>";
		};
		3D840D2F26AA982B00AA49AF /* 贪心 */ = {
			isa = PBXGroup;
			children = (
			);
			path = "贪心";
			sourceTree = "<group>";
		};
		3D840D3026AA983400AA49AF /* 分治 */ = {
			isa = PBXGroup;
			children = (
			);
			path = "分治";
			sourceTree = "<group>";
		};
		3D840D3126AA987000AA49AF /* 数据结构 */ = {
			isa = PBXGroup;
			children = (
				3D058D2926BABE7B00F3063B /* Trie(字典树) */,
				3D8A4C432692AB56007FAE81 /* 1基本结构数据结构 */,
				3D609D75269BE70A006915E1 /* 堆 */,
				3D609D7B269BE73D006915E1 /* 队列和栈 */,
				3D609D74269BE6EF006915E1 /* 二叉树 */,
				3D609D79269BE736006915E1 /* 哈希 */,
				3D609D76269BE70C006915E1 /* 链表 */,
				3D609D77269BE70E006915E1 /* 数组 */,
				3D609D78269BE72B006915E1 /* 字符串 */,
			);
			path = "数据结构";
			sourceTree = "<group>";
		};
		3D840D3326AA990A00AA49AF /* 回溯 */ = {
			isa = PBXGroup;
			children = (
				3D840D1826A6AE7800AA49AF /* 汉诺塔.swift */,
				3D840D1D26A6FDE600AA49AF /* _51_N皇后.swift */,
			);
			path = "回溯";
			sourceTree = "<group>";
		};
		3D840D3526AA998400AA49AF /* 递归 */ = {
			isa = PBXGroup;
			children = (
				3DD187A3265B8CCA00E39177 /* 斐波那契数.swift */,
				3D840D1326A6A8F600AA49AF /* 爬楼梯_递归.swift */,
			);
			path = "递归";
			sourceTree = "<group>";
		};
		3D8A4C432692AB56007FAE81 /* 1基本结构数据结构 */ = {
			isa = PBXGroup;
			children = (
				3D8A4C482692AB94007FAE81 /* 树 */,
				3D756627265E27D70075CEA4 /* LinkedList.swift */,
				3D8A4C442692AB77007FAE81 /* Heap.swift */,
				3D8A4C492692ABB0007FAE81 /* Queue.swift */,
				3D8A4C4D2692ABBE007FAE81 /* Stack.swift */,
			);
			path = "1基本结构数据结构";
			sourceTree = "<group>";
		};
		3D8A4C482692AB94007FAE81 /* 树 */ = {
			isa = PBXGroup;
			children = (
				3D33E3B82685C8C500A1B239 /* RBTree.swift */,
				3D33E3BB2685CA4C00A1B239 /* BBST.swift */,
			);
			path = "树";
			sourceTree = "<group>";
		};
/* End PBXGroup section */

/* Begin PBXNativeTarget section */
		3D685827265B89E2006AA90D /* 算法 */ = {
			isa = PBXNativeTarget;
			buildConfigurationList = 3D68582F265B89E2006AA90D /* Build configuration list for PBXNativeTarget "算法" */;
			buildPhases = (
				3D685824265B89E2006AA90D /* Sources */,
				3D685825265B89E2006AA90D /* Frameworks */,
				3D685826265B89E2006AA90D /* CopyFiles */,
			);
			buildRules = (
			);
			dependencies = (
			);
			name = "算法";
			productName = "算法";
			productReference = 3D685828265B89E2006AA90D /* 算法 */;
			productType = "com.apple.product-type.tool";
		};
/* End PBXNativeTarget section */

/* Begin PBXProject section */
		3D685820265B89E2006AA90D /* Project object */ = {
			isa = PBXProject;
			attributes = {
				LastSwiftUpdateCheck = 1230;
				LastUpgradeCheck = 1230;
				TargetAttributes = {
					3D685827265B89E2006AA90D = {
						CreatedOnToolsVersion = 12.3;
					};
				};
			};
			buildConfigurationList = 3D685823265B89E2006AA90D /* Build configuration list for PBXProject "算法" */;
			compatibilityVersion = "Xcode 9.3";
			developmentRegion = en;
			hasScannedForEncodings = 0;
			knownRegions = (
				en,
				Base,
			);
			mainGroup = 3D68581F265B89E2006AA90D;
			productRefGroup = 3D685829265B89E2006AA90D /* Products */;
			projectDirPath = "";
			projectRoot = "";
			targets = (
				3D685827265B89E2006AA90D /* 算法 */,
			);
		};
/* End PBXProject section */

/* Begin PBXSourcesBuildPhase section */
		3D685824265B89E2006AA90D /* Sources */ = {
			isa = PBXSourcesBuildPhase;
			buildActionMask = 2147483647;
			files = (
				3D840D1E26A6FDE600AA49AF /* _51_N皇后.swift in Sources */,
				3D058D1C26BA613A00F3063B /* _111_二叉树的最小深度.swift in Sources */,
				3D058D0A26B91BFE00F3063B /* _15_三数之和.swift in Sources */,
				3D058D3626BBD29400F3063B /* _152_乘积最大子数组.swift in Sources */,
				3D609DA6269C0DF0006915E1 /* ShellSort.swift in Sources */,
				3D058D2B26BABE9700F3063B /* Trie.swift in Sources */,
				3D058D2626BA9AD100F3063B /* _69_x的平方根.swift in Sources */,
				3D33E3B92685C8C500A1B239 /* RBTree.swift in Sources */,
				3D8A4C4E2692ABBE007FAE81 /* Stack.swift in Sources */,
				3DBCD307265B8BD00095E2DD /* _1_两数之和.swift in Sources */,
				3D058D4226C0CDCB00F3063B /* _313_超级丑数.swift in Sources */,
				3D609D8A269BF6CC006915E1 /* BubbleSort02.swift in Sources */,
				3D058D1226B9640E00F3063B /* _235_二叉搜索树的最近公共祖先.swift in Sources */,
				3D609D93269C0D37006915E1 /* InsertionSort01.swift in Sources */,
				3D33E3BC2685CA4C00A1B239 /* BBST.swift in Sources */,
				3D8FEE6726AC05EB00D7E46B /* 最大连续子序列.swift in Sources */,
				3D609DA0269C0D71006915E1 /* MergeSort.swift in Sources */,
				3D058D2026BA65FE00F3063B /* _22_括号生成.swift in Sources */,
				3D609DA3269C0D80006915E1 /* QuickSort.swift in Sources */,
				3D609D7F269BE916006915E1 /* BubbleSort01.swift in Sources */,
				3D058D3926BBE74500F3063B /* _121_买卖股票的最佳时机.swift in Sources */,
				3D058D1626B9646D00F3063B /* _236_二叉树的最近公共祖先.swift in Sources */,
				3D609D96269C0D43006915E1 /* SelectSort01.swift in Sources */,
				3D058D0E26B9367500F3063B /* _98_验证二叉搜索树.swift in Sources */,
				3D8A4C18268F4302007FAE81 /* _3_无重复字符的最长子串.swift in Sources */,
				3D840CAC26A0429000AA49AF /* CountingSort.swift in Sources */,
				3D058D3026BB8E6E00F3063B /* _70_爬楼梯_动态规划.swift in Sources */,
				3D8FEE7926B00B5800D7E46B /* 背包问题_恰好装满.swift in Sources */,
				3D609D90269C0D20006915E1 /* HeapSort.swift in Sources */,
				3D058D3C26BBEC5600F3063B /* _122_买卖股票的最佳时机II.swift in Sources */,
				3D058D1926BA5C0400F3063B /* _102_二叉树的层序遍历.swift in Sources */,
				3D68582C265B89E2006AA90D /* main.swift in Sources */,
				3D756628265E27D70075CEA4 /* LinkedList.swift in Sources */,
				3D8A4C3E2691B563007FAE81 /* TopK.swift in Sources */,
				3D8FEE6E26AED06000D7E46B /* 最长公共子序列.swift in Sources */,
				3D8A4C4A2692ABB0007FAE81 /* Queue.swift in Sources */,
				3D8A4C412692AA31007FAE81 /* 二叉树遍历.swift in Sources */,
				3D840D1426A6A8F600AA49AF /* 爬楼梯_递归.swift in Sources */,
				3DD187A4265B8CCA00E39177 /* 斐波那契数.swift in Sources */,
				3D058D3F26BBEE1C00F3063B /* _123_买卖股票的最佳时机III.swift in Sources */,
				3D840CB226A0672200AA49AF /* BucketSort.swift in Sources */,
				3D840CAF26A0601600AA49AF /* RadixStor.swift in Sources */,
				3D8A4C14268F3B26007FAE81 /* _17_电话号码的字母组合.swift in Sources */,
				3D8FEE8026B12C9300D7E46B /* 剑指Offer24_反转链表.swift in Sources */,
				3D8FEE7126AFBB6000D7E46B /* 背包问题_价值最高.swift in Sources */,
				3D058D3326BBB07300F3063B /* _120_三角形最小路径和.swift in Sources */,
				3D609D83269BE953006915E1 /* BaseSort.swift in Sources */,
				3D8FEE7C26B1106F00D7E46B /* _518_零钱兑换2.swift in Sources */,
				3D8A4C452692AB77007FAE81 /* Heap.swift in Sources */,
				3D840D1926A6AE7800AA49AF /* 汉诺塔.swift in Sources */,
			);
			runOnlyForDeploymentPostprocessing = 0;
		};
/* End PBXSourcesBuildPhase section */

/* Begin XCBuildConfiguration section */
		3D68582D265B89E2006AA90D /* Debug */ = {
			isa = XCBuildConfiguration;
			buildSettings = {
				ALWAYS_SEARCH_USER_PATHS = NO;
				CLANG_ANALYZER_NONNULL = YES;
				CLANG_ANALYZER_NUMBER_OBJECT_CONVERSION = YES_AGGRESSIVE;
				CLANG_CXX_LANGUAGE_STANDARD = "gnu++14";
				CLANG_CXX_LIBRARY = "libc++";
				CLANG_ENABLE_MODULES = YES;
				CLANG_ENABLE_OBJC_ARC = YES;
				CLANG_ENABLE_OBJC_WEAK = YES;
				CLANG_WARN_BLOCK_CAPTURE_AUTORELEASING = YES;
				CLANG_WARN_BOOL_CONVERSION = YES;
				CLANG_WARN_COMMA = YES;
				CLANG_WARN_CONSTANT_CONVERSION = YES;
				CLANG_WARN_DEPRECATED_OBJC_IMPLEMENTATIONS = YES;
				CLANG_WARN_DIRECT_OBJC_ISA_USAGE = YES_ERROR;
				CLANG_WARN_DOCUMENTATION_COMMENTS = YES;
				CLANG_WARN_EMPTY_BODY = YES;
				CLANG_WARN_ENUM_CONVERSION = YES;
				CLANG_WARN_INFINITE_RECURSION = YES;
				CLANG_WARN_INT_CONVERSION = YES;
				CLANG_WARN_NON_LITERAL_NULL_CONVERSION = YES;
				CLANG_WARN_OBJC_IMPLICIT_RETAIN_SELF = YES;
				CLANG_WARN_OBJC_LITERAL_CONVERSION = YES;
				CLANG_WARN_OBJC_ROOT_CLASS = YES_ERROR;
				CLANG_WARN_QUOTED_INCLUDE_IN_FRAMEWORK_HEADER = YES;
				CLANG_WARN_RANGE_LOOP_ANALYSIS = YES;
				CLANG_WARN_STRICT_PROTOTYPES = YES;
				CLANG_WARN_SUSPICIOUS_MOVE = YES;
				CLANG_WARN_UNGUARDED_AVAILABILITY = YES_AGGRESSIVE;
				CLANG_WARN_UNREACHABLE_CODE = YES;
				CLANG_WARN__DUPLICATE_METHOD_MATCH = YES;
				COPY_PHASE_STRIP = NO;
				DEBUG_INFORMATION_FORMAT = dwarf;
				ENABLE_STRICT_OBJC_MSGSEND = YES;
				ENABLE_TESTABILITY = YES;
				GCC_C_LANGUAGE_STANDARD = gnu11;
				GCC_DYNAMIC_NO_PIC = NO;
				GCC_NO_COMMON_BLOCKS = YES;
				GCC_OPTIMIZATION_LEVEL = 0;
				GCC_PREPROCESSOR_DEFINITIONS = (
					"DEBUG=1",
					"$(inherited)",
				);
				GCC_WARN_64_TO_32_BIT_CONVERSION = YES;
				GCC_WARN_ABOUT_RETURN_TYPE = YES_ERROR;
				GCC_WARN_UNDECLARED_SELECTOR = YES;
				GCC_WARN_UNINITIALIZED_AUTOS = YES_AGGRESSIVE;
				GCC_WARN_UNUSED_FUNCTION = YES;
				GCC_WARN_UNUSED_VARIABLE = YES;
				MACOSX_DEPLOYMENT_TARGET = 11.1;
				MTL_ENABLE_DEBUG_INFO = INCLUDE_SOURCE;
				MTL_FAST_MATH = YES;
				ONLY_ACTIVE_ARCH = YES;
				SDKROOT = macosx;
				SWIFT_ACTIVE_COMPILATION_CONDITIONS = DEBUG;
				SWIFT_OPTIMIZATION_LEVEL = "-Onone";
			};
			name = Debug;
		};
		3D68582E265B89E2006AA90D /* Release */ = {
			isa = XCBuildConfiguration;
			buildSettings = {
				ALWAYS_SEARCH_USER_PATHS = NO;
				CLANG_ANALYZER_NONNULL = YES;
				CLANG_ANALYZER_NUMBER_OBJECT_CONVERSION = YES_AGGRESSIVE;
				CLANG_CXX_LANGUAGE_STANDARD = "gnu++14";
				CLANG_CXX_LIBRARY = "libc++";
				CLANG_ENABLE_MODULES = YES;
				CLANG_ENABLE_OBJC_ARC = YES;
				CLANG_ENABLE_OBJC_WEAK = YES;
				CLANG_WARN_BLOCK_CAPTURE_AUTORELEASING = YES;
				CLANG_WARN_BOOL_CONVERSION = YES;
				CLANG_WARN_COMMA = YES;
				CLANG_WARN_CONSTANT_CONVERSION = YES;
				CLANG_WARN_DEPRECATED_OBJC_IMPLEMENTATIONS = YES;
				CLANG_WARN_DIRECT_OBJC_ISA_USAGE = YES_ERROR;
				CLANG_WARN_DOCUMENTATION_COMMENTS = YES;
				CLANG_WARN_EMPTY_BODY = YES;
				CLANG_WARN_ENUM_CONVERSION = YES;
				CLANG_WARN_INFINITE_RECURSION = YES;
				CLANG_WARN_INT_CONVERSION = YES;
				CLANG_WARN_NON_LITERAL_NULL_CONVERSION = YES;
				CLANG_WARN_OBJC_IMPLICIT_RETAIN_SELF = YES;
				CLANG_WARN_OBJC_LITERAL_CONVERSION = YES;
				CLANG_WARN_OBJC_ROOT_CLASS = YES_ERROR;
				CLANG_WARN_QUOTED_INCLUDE_IN_FRAMEWORK_HEADER = YES;
				CLANG_WARN_RANGE_LOOP_ANALYSIS = YES;
				CLANG_WARN_STRICT_PROTOTYPES = YES;
				CLANG_WARN_SUSPICIOUS_MOVE = YES;
				CLANG_WARN_UNGUARDED_AVAILABILITY = YES_AGGRESSIVE;
				CLANG_WARN_UNREACHABLE_CODE = YES;
				CLANG_WARN__DUPLICATE_METHOD_MATCH = YES;
				COPY_PHASE_STRIP = NO;
				DEBUG_INFORMATION_FORMAT = "dwarf-with-dsym";
				ENABLE_NS_ASSERTIONS = NO;
				ENABLE_STRICT_OBJC_MSGSEND = YES;
				GCC_C_LANGUAGE_STANDARD = gnu11;
				GCC_NO_COMMON_BLOCKS = YES;
				GCC_WARN_64_TO_32_BIT_CONVERSION = YES;
				GCC_WARN_ABOUT_RETURN_TYPE = YES_ERROR;
				GCC_WARN_UNDECLARED_SELECTOR = YES;
				GCC_WARN_UNINITIALIZED_AUTOS = YES_AGGRESSIVE;
				GCC_WARN_UNUSED_FUNCTION = YES;
				GCC_WARN_UNUSED_VARIABLE = YES;
				MACOSX_DEPLOYMENT_TARGET = 11.1;
				MTL_ENABLE_DEBUG_INFO = NO;
				MTL_FAST_MATH = YES;
				SDKROOT = macosx;
				SWIFT_COMPILATION_MODE = wholemodule;
				SWIFT_OPTIMIZATION_LEVEL = "-O";
			};
			name = Release;
		};
		3D685830265B89E2006AA90D /* Debug */ = {
			isa = XCBuildConfiguration;
			buildSettings = {
				CODE_SIGN_STYLE = Automatic;
				DEVELOPMENT_TEAM = NV22Y5XJ5P;
				ENABLE_HARDENED_RUNTIME = YES;
				PRODUCT_NAME = "$(TARGET_NAME)";
				SWIFT_VERSION = 5.0;
			};
			name = Debug;
		};
		3D685831265B89E2006AA90D /* Release */ = {
			isa = XCBuildConfiguration;
			buildSettings = {
				CODE_SIGN_STYLE = Automatic;
				DEVELOPMENT_TEAM = NV22Y5XJ5P;
				ENABLE_HARDENED_RUNTIME = YES;
				PRODUCT_NAME = "$(TARGET_NAME)";
				SWIFT_VERSION = 5.0;
			};
			name = Release;
		};
/* End XCBuildConfiguration section */

/* Begin XCConfigurationList section */
		3D685823265B89E2006AA90D /* Build configuration list for PBXProject "算法" */ = {
			isa = XCConfigurationList;
			buildConfigurations = (
				3D68582D265B89E2006AA90D /* Debug */,
				3D68582E265B89E2006AA90D /* Release */,
			);
			defaultConfigurationIsVisible = 0;
			defaultConfigurationName = Release;
		};
		3D68582F265B89E2006AA90D /* Build configuration list for PBXNativeTarget "算法" */ = {
			isa = XCConfigurationList;
			buildConfigurations = (
				3D685830265B89E2006AA90D /* Debug */,
				3D685831265B89E2006AA90D /* Release */,
			);
			defaultConfigurationIsVisible = 0;
			defaultConfigurationName = Release;
		};
/* End XCConfigurationList section */
	};
	rootObject = 3D685820265B89E2006AA90D /* Project object */;
}
